
Microsoft Visual Studio Solution File, Format Version 12.00
# Visual Studio Version 17
VisualStudioVersion = 17.4.33213.308
MinimumVisualStudioVersion = 10.0.40219.1
Project("{FAE04EC0-301F-11D3-BF4B-00C04F79EFBC}") = "ChessGame", "ChessGame.csproj", "{0DABB10D-3BCF-4353-9EAD-D34A8192B350}"
EndProject
Global
	GlobalSection(SolutionConfigurationPlatforms) = preSolution
		Debug|Any CPU = Debug|Any CPU
		Release|Any CPU = Release|Any CPU
	EndGlobalSection
	GlobalSection(ProjectConfigurationPlatforms) = postSolution
		{0DABB10D-3BCF-4353-9EAD-D34A8192B350}.Debug|Any CPU.ActiveCfg = Debug|Any CPU
		{0DABB10D-3BCF-4353-9EAD-D34A8192B350}.Debug|Any CPU.Build.0 = Debug|Any CPU
		{0DABB10D-3BCF-4353-9EAD-D34A8192B350}.Release|Any CPU.ActiveCfg = Release|Any CPU
		{0DABB10D-3BCF-4353-9EAD-D34A8192B350}.Release|Any CPU.Build.0 = Release|Any CPU
	EndGlobalSection
	GlobalSection(SolutionProperties) = preSolution
		HideSolutionNode = FALSE
	EndGlobalSection
	GlobalSection(ExtensibilityGlobals) = postSolution
		SolutionGuid = {045625F8-B94A-4C70-AAFD-54D577F53F83}
	EndGlobalSection
EndGlobal
